
Microsoft Visual Studio Solution File, Format Version 12.00
# Visual Studio Version 17
VisualStudioVersion = 17.11.35327.3
MinimumVisualStudioVersion = 10.0.40219.1
Project("{FAE04EC0-301F-11D3-BF4B-00C04F79EFBC}") = "onkasım01", "onkasım01\onkasım01.csproj", "{2776B1A0-AF9E-46B7-810F-D4C2BBE3DE28}"
EndProject
Global
	GlobalSection(SolutionConfigurationPlatforms) = preSolution
		Debug|Any CPU = Debug|Any CPU
		Release|Any CPU = Release|Any CPU
	EndGlobalSection
	GlobalSection(ProjectConfigurationPlatforms) = postSolution
		{2776B1A0-AF9E-46B7-810F-D4C2BBE3DE28}.Debug|Any CPU.ActiveCfg = Debug|Any CPU
		{2776B1A0-AF9E-46B7-810F-D4C2BBE3DE28}.Debug|Any CPU.Build.0 = Debug|Any CPU
		{2776B1A0-AF9E-46B7-810F-D4C2BBE3DE28}.Release|Any CPU.ActiveCfg = Release|Any CPU
		{2776B1A0-AF9E-46B7-810F-D4C2BBE3DE28}.Release|Any CPU.Build.0 = Release|Any CPU
	EndGlobalSection
	GlobalSection(SolutionProperties) = preSolution
		HideSolutionNode = FALSE
	EndGlobalSection
	GlobalSection(ExtensibilityGlobals) = postSolution
		SolutionGuid = {4D5D84C2-61EA-46AF-86AB-55699F085917}
	EndGlobalSection
EndGlobal
